
Microsoft Visual Studio Solution File, Format Version 12.00
# Visual Studio 15
VisualStudioVersion = 15.0.27428.2011
MinimumVisualStudioVersion = 10.0.40219.1
Project("{FAE04EC0-301F-11D3-BF4B-00C04F79EFBC}") = "MyConsoleApp", "MyConsoleApp\MyConsoleApp.csproj", "{2935CBD6-7A6D-488A-8C40-88B0C851E70A}"
EndProject
Global
	GlobalSection(SolutionConfigurationPlatforms) = preSolution
		Debug|Any CPU = Debug|Any CPU
		Release|Any CPU = Release|Any CPU
	EndGlobalSection
	GlobalSection(ProjectConfigurationPlatforms) = postSolution
		{2935CBD6-7A6D-488A-8C40-88B0C851E70A}.Debug|Any CPU.ActiveCfg = Debug|Any CPU
		{2935CBD6-7A6D-488A-8C40-88B0C851E70A}.Debug|Any CPU.Build.0 = Debug|Any CPU
		{2935CBD6-7A6D-488A-8C40-88B0C851E70A}.Release|Any CPU.ActiveCfg = Release|Any CPU
		{2935CBD6-7A6D-488A-8C40-88B0C851E70A}.Release|Any CPU.Build.0 = Release|Any CPU
	EndGlobalSection
	GlobalSection(SolutionProperties) = preSolution
		HideSolutionNode = FALSE
	EndGlobalSection
	GlobalSection(ExtensibilityGlobals) = postSolution
		SolutionGuid = {5F43C007-E6C9-4540-8E2F-7E7E326EBA39}
	EndGlobalSection
EndGlobal
